
Microsoft Visual Studio Solution File, Format Version 12.00
# Visual Studio Version 16
VisualStudioVersion = 16.0.31729.503
MinimumVisualStudioVersion = 10.0.40219.1
Project("{FAE04EC0-301F-11D3-BF4B-00C04F79EFBC}") = "NordicStationCodeTestPart3", "NordicStationCodeTestPart3.csproj", "{4DF3BBA4-3416-476C-8DDB-25B99ED5C347}"
EndProject
Global
	GlobalSection(SolutionConfigurationPlatforms) = preSolution
		Debug|Any CPU = Debug|Any CPU
		Release|Any CPU = Release|Any CPU
	EndGlobalSection
	GlobalSection(ProjectConfigurationPlatforms) = postSolution
		{4DF3BBA4-3416-476C-8DDB-25B99ED5C347}.Debug|Any CPU.ActiveCfg = Debug|Any CPU
		{4DF3BBA4-3416-476C-8DDB-25B99ED5C347}.Debug|Any CPU.Build.0 = Debug|Any CPU
		{4DF3BBA4-3416-476C-8DDB-25B99ED5C347}.Release|Any CPU.ActiveCfg = Release|Any CPU
		{4DF3BBA4-3416-476C-8DDB-25B99ED5C347}.Release|Any CPU.Build.0 = Release|Any CPU
	EndGlobalSection
	GlobalSection(SolutionProperties) = preSolution
		HideSolutionNode = FALSE
	EndGlobalSection
	GlobalSection(ExtensibilityGlobals) = postSolution
		SolutionGuid = {FB26E166-E31D-47B1-B908-FCDAC36694B8}
	EndGlobalSection
EndGlobal
